
Microsoft Visual Studio Solution File, Format Version 12.00
# Visual Studio 15
VisualStudioVersion = 15.0.28307.489
MinimumVisualStudioVersion = 10.0.40219.1
Project("{FAE04EC0-301F-11D3-BF4B-00C04F79EFBC}") = "TestApp", "TestApp\TestApp.csproj", "{9FE721B9-B264-4C5F-BC25-2EB20C7BCA78}"
EndProject
Project("{FAE04EC0-301F-11D3-BF4B-00C04F79EFBC}") = "TestApp.BusinessLogic", "TestApp.BussnesLogic\TestApp.BusinessLogic.csproj", "{337E95D7-CE12-4988-B656-A663C6722E2D}"
EndProject
Project("{FAE04EC0-301F-11D3-BF4B-00C04F79EFBC}") = "TestApp.DataAccess", "TestApp.DataAccess\TestApp.DataAccess.csproj", "{BAAD9AD1-79F2-4469-BB43-E6BB6D1FB393}"
EndProject
Global
	GlobalSection(SolutionConfigurationPlatforms) = preSolution
		Debug|Any CPU = Debug|Any CPU
		Release|Any CPU = Release|Any CPU
	EndGlobalSection
	GlobalSection(ProjectConfigurationPlatforms) = postSolution
		{9FE721B9-B264-4C5F-BC25-2EB20C7BCA78}.Debug|Any CPU.ActiveCfg = Debug|Any CPU
		{9FE721B9-B264-4C5F-BC25-2EB20C7BCA78}.Debug|Any CPU.Build.0 = Debug|Any CPU
		{9FE721B9-B264-4C5F-BC25-2EB20C7BCA78}.Release|Any CPU.ActiveCfg = Release|Any CPU
		{9FE721B9-B264-4C5F-BC25-2EB20C7BCA78}.Release|Any CPU.Build.0 = Release|Any CPU
		{337E95D7-CE12-4988-B656-A663C6722E2D}.Debug|Any CPU.ActiveCfg = Debug|Any CPU
		{337E95D7-CE12-4988-B656-A663C6722E2D}.Debug|Any CPU.Build.0 = Debug|Any CPU
		{337E95D7-CE12-4988-B656-A663C6722E2D}.Release|Any CPU.ActiveCfg = Release|Any CPU
		{337E95D7-CE12-4988-B656-A663C6722E2D}.Release|Any CPU.Build.0 = Release|Any CPU
		{BAAD9AD1-79F2-4469-BB43-E6BB6D1FB393}.Debug|Any CPU.ActiveCfg = Debug|Any CPU
		{BAAD9AD1-79F2-4469-BB43-E6BB6D1FB393}.Debug|Any CPU.Build.0 = Debug|Any CPU
		{BAAD9AD1-79F2-4469-BB43-E6BB6D1FB393}.Release|Any CPU.ActiveCfg = Release|Any CPU
		{BAAD9AD1-79F2-4469-BB43-E6BB6D1FB393}.Release|Any CPU.Build.0 = Release|Any CPU
	EndGlobalSection
	GlobalSection(SolutionProperties) = preSolution
		HideSolutionNode = FALSE
	EndGlobalSection
	GlobalSection(ExtensibilityGlobals) = postSolution
		SolutionGuid = {40273FA4-1B19-4F86-AA18-4B1A96F610B8}
	EndGlobalSection
EndGlobal
